
Microsoft Visual Studio Solution File, Format Version 12.00
# Visual Studio 15
Project("{FAE04EC0-301F-11D3-BF4B-00C04F79EFBC}") = "CatanUtility", "CatanUtility.csproj", "{FF5AF6AC-FD86-43E4-BDEB-4F27129C4BC2}"
EndProject
Global
	GlobalSection(SolutionConfigurationPlatforms) = preSolution
		Debug|Any CPU = Debug|Any CPU
		Release|Any CPU = Release|Any CPU
	EndGlobalSection
	GlobalSection(ProjectConfigurationPlatforms) = postSolution
		{FF5AF6AC-FD86-43E4-BDEB-4F27129C4BC2}.Debug|Any CPU.ActiveCfg = Debug|Any CPU
		{FF5AF6AC-FD86-43E4-BDEB-4F27129C4BC2}.Debug|Any CPU.Build.0 = Debug|Any CPU
		{FF5AF6AC-FD86-43E4-BDEB-4F27129C4BC2}.Release|Any CPU.ActiveCfg = Release|Any CPU
		{FF5AF6AC-FD86-43E4-BDEB-4F27129C4BC2}.Release|Any CPU.Build.0 = Release|Any CPU
	EndGlobalSection
EndGlobal
