
Microsoft Visual Studio Solution File, Format Version 12.00
# Visual Studio 15
Project("{FAE04EC0-301F-11D3-BF4B-00C04F79EFBC}") = "CatanUtilityTests", "CatanUtilityTests\CatanUtilityTests.csproj", "{55B5BA4C-815D-4DEA-8F96-CC108037E973}"
EndProject
Project("{FAE04EC0-301F-11D3-BF4B-00C04F79EFBC}") = "CatanUtility.Web", "CatanUtility.Web\CatanUtility.Web.csproj", "{BF538DBE-DA47-4649-BD4F-2CD3A2BA9A01}"
EndProject
Project("{FAE04EC0-301F-11D3-BF4B-00C04F79EFBC}") = "CatanUtility.Classes", "CatanUtility.Classes\CatanUtility.Classes.csproj", "{4DDA8B83-6C72-4D8B-8899-32F7156EBB9B}"
EndProject
Project("{FAE04EC0-301F-11D3-BF4B-00C04F79EFBC}") = "CatanUtility.Console", "CatanUtility.Console\CatanUtility.Console.csproj", "{AEC36F11-6194-45FB-B040-087EE2DADCC9}"
EndProject
Global
	GlobalSection(SolutionConfigurationPlatforms) = preSolution
		Debug|Any CPU = Debug|Any CPU
		Release|Any CPU = Release|Any CPU
	EndGlobalSection
	GlobalSection(ProjectConfigurationPlatforms) = postSolution
		{55B5BA4C-815D-4DEA-8F96-CC108037E973}.Debug|Any CPU.ActiveCfg = Debug|Any CPU
		{55B5BA4C-815D-4DEA-8F96-CC108037E973}.Debug|Any CPU.Build.0 = Debug|Any CPU
		{55B5BA4C-815D-4DEA-8F96-CC108037E973}.Release|Any CPU.ActiveCfg = Release|Any CPU
		{55B5BA4C-815D-4DEA-8F96-CC108037E973}.Release|Any CPU.Build.0 = Release|Any CPU
		{BF538DBE-DA47-4649-BD4F-2CD3A2BA9A01}.Debug|Any CPU.ActiveCfg = Debug|Any CPU
		{BF538DBE-DA47-4649-BD4F-2CD3A2BA9A01}.Debug|Any CPU.Build.0 = Debug|Any CPU
		{BF538DBE-DA47-4649-BD4F-2CD3A2BA9A01}.Release|Any CPU.ActiveCfg = Release|Any CPU
		{BF538DBE-DA47-4649-BD4F-2CD3A2BA9A01}.Release|Any CPU.Build.0 = Release|Any CPU
		{4DDA8B83-6C72-4D8B-8899-32F7156EBB9B}.Debug|Any CPU.ActiveCfg = Debug|Any CPU
		{4DDA8B83-6C72-4D8B-8899-32F7156EBB9B}.Debug|Any CPU.Build.0 = Debug|Any CPU
		{4DDA8B83-6C72-4D8B-8899-32F7156EBB9B}.Release|Any CPU.ActiveCfg = Release|Any CPU
		{4DDA8B83-6C72-4D8B-8899-32F7156EBB9B}.Release|Any CPU.Build.0 = Release|Any CPU
		{AEC36F11-6194-45FB-B040-087EE2DADCC9}.Debug|Any CPU.ActiveCfg = Debug|Any CPU
		{AEC36F11-6194-45FB-B040-087EE2DADCC9}.Debug|Any CPU.Build.0 = Debug|Any CPU
		{AEC36F11-6194-45FB-B040-087EE2DADCC9}.Release|Any CPU.ActiveCfg = Release|Any CPU
		{AEC36F11-6194-45FB-B040-087EE2DADCC9}.Release|Any CPU.Build.0 = Release|Any CPU
	EndGlobalSection
EndGlobal
