
Microsoft Visual Studio Solution File, Format Version 12.00
# Visual Studio 15
Project("{FAE04EC0-301F-11D3-BF4B-00C04F79EFBC}") = "CatanUtility", "CatanUtility\CatanUtility.csproj", "{19988785-ECD6-4821-B5FF-1F7B2DE32701}"
EndProject
Global
	GlobalSection(SolutionConfigurationPlatforms) = preSolution
		Debug|Any CPU = Debug|Any CPU
		Release|Any CPU = Release|Any CPU
	EndGlobalSection
	GlobalSection(ProjectConfigurationPlatforms) = postSolution
		{19988785-ECD6-4821-B5FF-1F7B2DE32701}.Debug|Any CPU.ActiveCfg = Debug|Any CPU
		{19988785-ECD6-4821-B5FF-1F7B2DE32701}.Debug|Any CPU.Build.0 = Debug|Any CPU
		{19988785-ECD6-4821-B5FF-1F7B2DE32701}.Release|Any CPU.ActiveCfg = Release|Any CPU
		{19988785-ECD6-4821-B5FF-1F7B2DE32701}.Release|Any CPU.Build.0 = Release|Any CPU
	EndGlobalSection
EndGlobal
